
Microsoft Visual Studio Solution File, Format Version 12.00
# Visual Studio Version 16
VisualStudioVersion = 16.0.30804.86
MinimumVisualStudioVersion = 10.0.40219.1
Project("{2150E333-8FDC-42A3-9474-1A3956D46DE8}") = "00.AMQP", "00.AMQP", "{B876A8E8-60B0-4C2F-BB30-C69B256A9B83}"
EndProject
Project("{2150E333-8FDC-42A3-9474-1A3956D46DE8}") = "01.Rabbit", "01.Rabbit", "{9080BFFE-567B-448D-90C8-13FC2B3EBD05}"
EndProject
Project("{2150E333-8FDC-42A3-9474-1A3956D46DE8}") = "10.ConsoleExample", "10.ConsoleExample", "{027BA18A-33BE-428B-82ED-0B9BAA150A1A}"
EndProject
Project("{2150E333-8FDC-42A3-9474-1A3956D46DE8}") = "11.RpcExample", "11.RpcExample", "{46432A47-87C6-4689-A5CF-9231F3DFD5E8}"
EndProject
Project("{2150E333-8FDC-42A3-9474-1A3956D46DE8}") = "12.AspNetExample", "12.AspNetExample", "{3273F961-9807-462D-83B3-59B701F4C650}"
EndProject
Project("{FAE04EC0-301F-11D3-BF4B-00C04F79EFBC}") = "Hzdtf.AMQP.Contract", "AMQP\Hzdtf.AMQP.Contract\Hzdtf.AMQP.Contract.csproj", "{37715726-A37F-4E3A-B656-A918BF459782}"
EndProject
Project("{FAE04EC0-301F-11D3-BF4B-00C04F79EFBC}") = "Hzdtf.AMQP.Impl", "AMQP\Hzdtf.AMQP.Impl\Hzdtf.AMQP.Impl.csproj", "{7D18ECA7-1762-4C12-B85E-6D56A3B6A901}"
EndProject
Project("{FAE04EC0-301F-11D3-BF4B-00C04F79EFBC}") = "Hzdtf.AMQP.Model", "AMQP\Hzdtf.AMQP.Model\Hzdtf.AMQP.Model.csproj", "{E91432C7-4488-4FBB-861D-9D347303D711}"
EndProject
Project("{FAE04EC0-301F-11D3-BF4B-00C04F79EFBC}") = "Hzdtf.AMQP.AspNet", "AMQP\Hzdtf.AMQP.AspNet\Hzdtf.AMQP.AspNet.csproj", "{3002103D-DA65-4F59-B070-3D8DA787B0F5}"
EndProject
Project("{FAE04EC0-301F-11D3-BF4B-00C04F79EFBC}") = "Hzdtf.Rabbit.AspNet", "Rabbit\Hzdtf.Rabbit.AspNet\Hzdtf.Rabbit.AspNet.csproj", "{7DED920C-407B-4F3B-BDA4-6D5F431064D8}"
EndProject
Project("{FAE04EC0-301F-11D3-BF4B-00C04F79EFBC}") = "Hzdtf.Rabbit.Consul.AspNet", "Rabbit\Hzdtf.Rabbit.Consul.AspNet\Hzdtf.Rabbit.Consul.AspNet.csproj", "{95260066-6DCD-4810-A4D2-1BDB0C62307E}"
EndProject
Project("{9A19103F-16F7-4668-BE54-9A1E7A4F7556}") = "Hzdtf.Rabbit.Impl", "Rabbit\Hzdtf.Rabbit.Impl\Hzdtf.Rabbit.Impl.csproj", "{ED4B3752-4674-4FE1-9C6D-A7441A7A960D}"
EndProject
Project("{FAE04EC0-301F-11D3-BF4B-00C04F79EFBC}") = "Hzdtf.Rabbit.Consumer.ConsoleExample", "ConsoleExample\Hzdtf.Rabbit.Consumer.ConsoleExample\Hzdtf.Rabbit.Consumer.ConsoleExample.csproj", "{6255B002-506E-4C82-BC9B-40F398C9D0C2}"
EndProject
Project("{FAE04EC0-301F-11D3-BF4B-00C04F79EFBC}") = "Hzdtf.Rabbit.ExceptionHandleExample", "ConsoleExample\Hzdtf.Rabbit.ExceptionHandleExample\Hzdtf.Rabbit.ExceptionHandleExample.csproj", "{7A20FACA-056F-4821-8087-8D8741B1AE56}"
EndProject
Project("{FAE04EC0-301F-11D3-BF4B-00C04F79EFBC}") = "Hzdtf.RabbitV2.Producer.ConsoleExample", "ConsoleExample\Hzdtf.RabbitV2.Producer.ConsoleExample\Hzdtf.RabbitV2.Producer.ConsoleExample.csproj", "{2E6E2ABE-52BD-448A-A863-0F4054A531B6}"
EndProject
Project("{2150E333-8FDC-42A3-9474-1A3956D46DE8}") = "BusinessDemo", "BusinessDemo", "{8B8C222D-3EE8-4FF0-A531-525D1E27DD7E}"
EndProject
Project("{FAE04EC0-301F-11D3-BF4B-00C04F79EFBC}") = "Hzdtf.BusinessDemo.Contract", "RpcExample\BusinessDemo\Hzdtf.BusinessDemo.Contract\Hzdtf.BusinessDemo.Contract.csproj", "{3A34AB35-AAAE-4667-ADD1-6D7660914367}"
EndProject
Project("{FAE04EC0-301F-11D3-BF4B-00C04F79EFBC}") = "Hzdtf.BusinessDemo.Impl", "RpcExample\BusinessDemo\Hzdtf.BusinessDemo.Impl\Hzdtf.BusinessDemo.Impl.csproj", "{D9C3129B-16F8-4859-A3C6-988784D1934D}"
EndProject
Project("{FAE04EC0-301F-11D3-BF4B-00C04F79EFBC}") = "Hzdtf.BusinessDemo.Model", "RpcExample\BusinessDemo\Hzdtf.BusinessDemo.Model\Hzdtf.BusinessDemo.Model.csproj", "{2C1583F3-0EE9-4365-A053-8AB672A75703}"
EndProject
Project("{9A19103F-16F7-4668-BE54-9A1E7A4F7556}") = "Hzdtf.Rabbit.RpcClientExample", "RpcExample\Hzdtf.Rabbit.RpcClientExample\Hzdtf.Rabbit.RpcClientExample.csproj", "{DA690D50-4299-43AD-9658-0E6C088789E0}"
EndProject
Project("{9A19103F-16F7-4668-BE54-9A1E7A4F7556}") = "Hzdtf.Rabbit.RpcServerExample", "RpcExample\Hzdtf.Rabbit.RpcServerExample\Hzdtf.Rabbit.RpcServerExample.csproj", "{86D67A0F-831D-4B1F-A2E5-81260B2021AF}"
EndProject
Project("{FAE04EC0-301F-11D3-BF4B-00C04F79EFBC}") = "Hzdtf.Rabbit.BusinessExceptionHandle", "AspNetExample\Hzdtf.Rabbit.BusinessExceptionHandle\Hzdtf.Rabbit.BusinessExceptionHandle.csproj", "{29B92D42-BC9F-44A8-8C59-8DE92A88C84B}"
EndProject
Project("{FAE04EC0-301F-11D3-BF4B-00C04F79EFBC}") = "Hzdtf.Rabbit.WebClientExample", "AspNetExample\Hzdtf.Rabbit.WebClientExample\Hzdtf.Rabbit.WebClientExample.csproj", "{BFA1446C-8B82-4E39-A11A-6C95B7CFE0B3}"
EndProject
Project("{FAE04EC0-301F-11D3-BF4B-00C04F79EFBC}") = "Hzdtf.Rabbit.WebServerExample", "AspNetExample\Hzdtf.Rabbit.WebServerExample\Hzdtf.Rabbit.WebServerExample.csproj", "{108F0D6A-1AF2-4513-AEFF-ADAAD821FF4F}"
EndProject
Global
	GlobalSection(SolutionConfigurationPlatforms) = preSolution
		Debug|Any CPU = Debug|Any CPU
		Release|Any CPU = Release|Any CPU
	EndGlobalSection
	GlobalSection(ProjectConfigurationPlatforms) = postSolution
		{37715726-A37F-4E3A-B656-A918BF459782}.Debug|Any CPU.ActiveCfg = Debug|Any CPU
		{37715726-A37F-4E3A-B656-A918BF459782}.Debug|Any CPU.Build.0 = Debug|Any CPU
		{37715726-A37F-4E3A-B656-A918BF459782}.Release|Any CPU.ActiveCfg = Release|Any CPU
		{37715726-A37F-4E3A-B656-A918BF459782}.Release|Any CPU.Build.0 = Release|Any CPU
		{7D18ECA7-1762-4C12-B85E-6D56A3B6A901}.Debug|Any CPU.ActiveCfg = Debug|Any CPU
		{7D18ECA7-1762-4C12-B85E-6D56A3B6A901}.Debug|Any CPU.Build.0 = Debug|Any CPU
		{7D18ECA7-1762-4C12-B85E-6D56A3B6A901}.Release|Any CPU.ActiveCfg = Release|Any CPU
		{7D18ECA7-1762-4C12-B85E-6D56A3B6A901}.Release|Any CPU.Build.0 = Release|Any CPU
		{E91432C7-4488-4FBB-861D-9D347303D711}.Debug|Any CPU.ActiveCfg = Debug|Any CPU
		{E91432C7-4488-4FBB-861D-9D347303D711}.Debug|Any CPU.Build.0 = Debug|Any CPU
		{E91432C7-4488-4FBB-861D-9D347303D711}.Release|Any CPU.ActiveCfg = Release|Any CPU
		{E91432C7-4488-4FBB-861D-9D347303D711}.Release|Any CPU.Build.0 = Release|Any CPU
		{3002103D-DA65-4F59-B070-3D8DA787B0F5}.Debug|Any CPU.ActiveCfg = Debug|Any CPU
		{3002103D-DA65-4F59-B070-3D8DA787B0F5}.Debug|Any CPU.Build.0 = Debug|Any CPU
		{3002103D-DA65-4F59-B070-3D8DA787B0F5}.Release|Any CPU.ActiveCfg = Release|Any CPU
		{3002103D-DA65-4F59-B070-3D8DA787B0F5}.Release|Any CPU.Build.0 = Release|Any CPU
		{7DED920C-407B-4F3B-BDA4-6D5F431064D8}.Debug|Any CPU.ActiveCfg = Debug|Any CPU
		{7DED920C-407B-4F3B-BDA4-6D5F431064D8}.Debug|Any CPU.Build.0 = Debug|Any CPU
		{7DED920C-407B-4F3B-BDA4-6D5F431064D8}.Release|Any CPU.ActiveCfg = Release|Any CPU
		{7DED920C-407B-4F3B-BDA4-6D5F431064D8}.Release|Any CPU.Build.0 = Release|Any CPU
		{95260066-6DCD-4810-A4D2-1BDB0C62307E}.Debug|Any CPU.ActiveCfg = Debug|Any CPU
		{95260066-6DCD-4810-A4D2-1BDB0C62307E}.Debug|Any CPU.Build.0 = Debug|Any CPU
		{95260066-6DCD-4810-A4D2-1BDB0C62307E}.Release|Any CPU.ActiveCfg = Release|Any CPU
		{95260066-6DCD-4810-A4D2-1BDB0C62307E}.Release|Any CPU.Build.0 = Release|Any CPU
		{ED4B3752-4674-4FE1-9C6D-A7441A7A960D}.Debug|Any CPU.ActiveCfg = Debug|Any CPU
		{ED4B3752-4674-4FE1-9C6D-A7441A7A960D}.Debug|Any CPU.Build.0 = Debug|Any CPU
		{ED4B3752-4674-4FE1-9C6D-A7441A7A960D}.Release|Any CPU.ActiveCfg = Release|Any CPU
		{ED4B3752-4674-4FE1-9C6D-A7441A7A960D}.Release|Any CPU.Build.0 = Release|Any CPU
		{6255B002-506E-4C82-BC9B-40F398C9D0C2}.Debug|Any CPU.ActiveCfg = Debug|Any CPU
		{6255B002-506E-4C82-BC9B-40F398C9D0C2}.Debug|Any CPU.Build.0 = Debug|Any CPU
		{6255B002-506E-4C82-BC9B-40F398C9D0C2}.Release|Any CPU.ActiveCfg = Release|Any CPU
		{6255B002-506E-4C82-BC9B-40F398C9D0C2}.Release|Any CPU.Build.0 = Release|Any CPU
		{7A20FACA-056F-4821-8087-8D8741B1AE56}.Debug|Any CPU.ActiveCfg = Debug|Any CPU
		{7A20FACA-056F-4821-8087-8D8741B1AE56}.Debug|Any CPU.Build.0 = Debug|Any CPU
		{7A20FACA-056F-4821-8087-8D8741B1AE56}.Release|Any CPU.ActiveCfg = Release|Any CPU
		{7A20FACA-056F-4821-8087-8D8741B1AE56}.Release|Any CPU.Build.0 = Release|Any CPU
		{2E6E2ABE-52BD-448A-A863-0F4054A531B6}.Debug|Any CPU.ActiveCfg = Debug|Any CPU
		{2E6E2ABE-52BD-448A-A863-0F4054A531B6}.Debug|Any CPU.Build.0 = Debug|Any CPU
		{2E6E2ABE-52BD-448A-A863-0F4054A531B6}.Release|Any CPU.ActiveCfg = Release|Any CPU
		{2E6E2ABE-52BD-448A-A863-0F4054A531B6}.Release|Any CPU.Build.0 = Release|Any CPU
		{3A34AB35-AAAE-4667-ADD1-6D7660914367}.Debug|Any CPU.ActiveCfg = Debug|Any CPU
		{3A34AB35-AAAE-4667-ADD1-6D7660914367}.Debug|Any CPU.Build.0 = Debug|Any CPU
		{3A34AB35-AAAE-4667-ADD1-6D7660914367}.Release|Any CPU.ActiveCfg = Release|Any CPU
		{3A34AB35-AAAE-4667-ADD1-6D7660914367}.Release|Any CPU.Build.0 = Release|Any CPU
		{D9C3129B-16F8-4859-A3C6-988784D1934D}.Debug|Any CPU.ActiveCfg = Debug|Any CPU
		{D9C3129B-16F8-4859-A3C6-988784D1934D}.Debug|Any CPU.Build.0 = Debug|Any CPU
		{D9C3129B-16F8-4859-A3C6-988784D1934D}.Release|Any CPU.ActiveCfg = Release|Any CPU
		{D9C3129B-16F8-4859-A3C6-988784D1934D}.Release|Any CPU.Build.0 = Release|Any CPU
		{2C1583F3-0EE9-4365-A053-8AB672A75703}.Debug|Any CPU.ActiveCfg = Debug|Any CPU
		{2C1583F3-0EE9-4365-A053-8AB672A75703}.Debug|Any CPU.Build.0 = Debug|Any CPU
		{2C1583F3-0EE9-4365-A053-8AB672A75703}.Release|Any CPU.ActiveCfg = Release|Any CPU
		{2C1583F3-0EE9-4365-A053-8AB672A75703}.Release|Any CPU.Build.0 = Release|Any CPU
		{DA690D50-4299-43AD-9658-0E6C088789E0}.Debug|Any CPU.ActiveCfg = Debug|Any CPU
		{DA690D50-4299-43AD-9658-0E6C088789E0}.Debug|Any CPU.Build.0 = Debug|Any CPU
		{DA690D50-4299-43AD-9658-0E6C088789E0}.Release|Any CPU.ActiveCfg = Release|Any CPU
		{DA690D50-4299-43AD-9658-0E6C088789E0}.Release|Any CPU.Build.0 = Release|Any CPU
		{86D67A0F-831D-4B1F-A2E5-81260B2021AF}.Debug|Any CPU.ActiveCfg = Debug|Any CPU
		{86D67A0F-831D-4B1F-A2E5-81260B2021AF}.Debug|Any CPU.Build.0 = Debug|Any CPU
		{86D67A0F-831D-4B1F-A2E5-81260B2021AF}.Release|Any CPU.ActiveCfg = Release|Any CPU
		{86D67A0F-831D-4B1F-A2E5-81260B2021AF}.Release|Any CPU.Build.0 = Release|Any CPU
		{29B92D42-BC9F-44A8-8C59-8DE92A88C84B}.Debug|Any CPU.ActiveCfg = Debug|Any CPU
		{29B92D42-BC9F-44A8-8C59-8DE92A88C84B}.Debug|Any CPU.Build.0 = Debug|Any CPU
		{29B92D42-BC9F-44A8-8C59-8DE92A88C84B}.Release|Any CPU.ActiveCfg = Release|Any CPU
		{29B92D42-BC9F-44A8-8C59-8DE92A88C84B}.Release|Any CPU.Build.0 = Release|Any CPU
		{BFA1446C-8B82-4E39-A11A-6C95B7CFE0B3}.Debug|Any CPU.ActiveCfg = Debug|Any CPU
		{BFA1446C-8B82-4E39-A11A-6C95B7CFE0B3}.Debug|Any CPU.Build.0 = Debug|Any CPU
		{BFA1446C-8B82-4E39-A11A-6C95B7CFE0B3}.Release|Any CPU.ActiveCfg = Release|Any CPU
		{BFA1446C-8B82-4E39-A11A-6C95B7CFE0B3}.Release|Any CPU.Build.0 = Release|Any CPU
		{108F0D6A-1AF2-4513-AEFF-ADAAD821FF4F}.Debug|Any CPU.ActiveCfg = Debug|Any CPU
		{108F0D6A-1AF2-4513-AEFF-ADAAD821FF4F}.Debug|Any CPU.Build.0 = Debug|Any CPU
		{108F0D6A-1AF2-4513-AEFF-ADAAD821FF4F}.Release|Any CPU.ActiveCfg = Release|Any CPU
		{108F0D6A-1AF2-4513-AEFF-ADAAD821FF4F}.Release|Any CPU.Build.0 = Release|Any CPU
	EndGlobalSection
	GlobalSection(SolutionProperties) = preSolution
		HideSolutionNode = FALSE
	EndGlobalSection
	GlobalSection(NestedProjects) = preSolution
		{37715726-A37F-4E3A-B656-A918BF459782} = {B876A8E8-60B0-4C2F-BB30-C69B256A9B83}
		{7D18ECA7-1762-4C12-B85E-6D56A3B6A901} = {B876A8E8-60B0-4C2F-BB30-C69B256A9B83}
		{E91432C7-4488-4FBB-861D-9D347303D711} = {B876A8E8-60B0-4C2F-BB30-C69B256A9B83}
		{3002103D-DA65-4F59-B070-3D8DA787B0F5} = {B876A8E8-60B0-4C2F-BB30-C69B256A9B83}
		{7DED920C-407B-4F3B-BDA4-6D5F431064D8} = {9080BFFE-567B-448D-90C8-13FC2B3EBD05}
		{95260066-6DCD-4810-A4D2-1BDB0C62307E} = {9080BFFE-567B-448D-90C8-13FC2B3EBD05}
		{ED4B3752-4674-4FE1-9C6D-A7441A7A960D} = {9080BFFE-567B-448D-90C8-13FC2B3EBD05}
		{6255B002-506E-4C82-BC9B-40F398C9D0C2} = {027BA18A-33BE-428B-82ED-0B9BAA150A1A}
		{7A20FACA-056F-4821-8087-8D8741B1AE56} = {027BA18A-33BE-428B-82ED-0B9BAA150A1A}
		{2E6E2ABE-52BD-448A-A863-0F4054A531B6} = {027BA18A-33BE-428B-82ED-0B9BAA150A1A}
		{8B8C222D-3EE8-4FF0-A531-525D1E27DD7E} = {46432A47-87C6-4689-A5CF-9231F3DFD5E8}
		{3A34AB35-AAAE-4667-ADD1-6D7660914367} = {8B8C222D-3EE8-4FF0-A531-525D1E27DD7E}
		{D9C3129B-16F8-4859-A3C6-988784D1934D} = {8B8C222D-3EE8-4FF0-A531-525D1E27DD7E}
		{2C1583F3-0EE9-4365-A053-8AB672A75703} = {8B8C222D-3EE8-4FF0-A531-525D1E27DD7E}
		{DA690D50-4299-43AD-9658-0E6C088789E0} = {46432A47-87C6-4689-A5CF-9231F3DFD5E8}
		{86D67A0F-831D-4B1F-A2E5-81260B2021AF} = {46432A47-87C6-4689-A5CF-9231F3DFD5E8}
		{29B92D42-BC9F-44A8-8C59-8DE92A88C84B} = {3273F961-9807-462D-83B3-59B701F4C650}
		{BFA1446C-8B82-4E39-A11A-6C95B7CFE0B3} = {3273F961-9807-462D-83B3-59B701F4C650}
		{108F0D6A-1AF2-4513-AEFF-ADAAD821FF4F} = {3273F961-9807-462D-83B3-59B701F4C650}
	EndGlobalSection
	GlobalSection(ExtensibilityGlobals) = postSolution
		SolutionGuid = {9423C435-0DD5-492B-9715-04B528CBF9F8}
	EndGlobalSection
EndGlobal
